
Microsoft Visual Studio Solution File, Format Version 12.00
# Visual Studio Version 17
VisualStudioVersion = 17.7.34031.279
MinimumVisualStudioVersion = 10.0.40219.1
Project("{FAE04EC0-301F-11D3-BF4B-00C04F79EFBC}") = "WpfApp2", "WpfApp2\WpfApp2.csproj", "{C85A5673-78D5-446D-8A4B-961B60C04D7E}"
EndProject
Global
	GlobalSection(SolutionConfigurationPlatforms) = preSolution
		Debug|Any CPU = Debug|Any CPU
		Release|Any CPU = Release|Any CPU
	EndGlobalSection
	GlobalSection(ProjectConfigurationPlatforms) = postSolution
		{C85A5673-78D5-446D-8A4B-961B60C04D7E}.Debug|Any CPU.ActiveCfg = Debug|Any CPU
		{C85A5673-78D5-446D-8A4B-961B60C04D7E}.Debug|Any CPU.Build.0 = Debug|Any CPU
		{C85A5673-78D5-446D-8A4B-961B60C04D7E}.Release|Any CPU.ActiveCfg = Release|Any CPU
		{C85A5673-78D5-446D-8A4B-961B60C04D7E}.Release|Any CPU.Build.0 = Release|Any CPU
	EndGlobalSection
	GlobalSection(SolutionProperties) = preSolution
		HideSolutionNode = FALSE
	EndGlobalSection
	GlobalSection(ExtensibilityGlobals) = postSolution
		SolutionGuid = {1B2B934F-D7F9-4992-8D16-02F4B462D9BF}
	EndGlobalSection
EndGlobal
